PODS:
  - Masonry (1.1.0)
  - React/Core (0.40.0):
    - React/cxxreact
    - React/yoga
  - React/cxxreact (0.40.0):
    - React/jschelpers
  - React/jschelpers (0.40.0)
  - React/RCTImage (0.40.0):
    - React/Core
    - React/RCTNetwork
  - React/RCTNetwork (0.40.0):
    - React/Core
  - React/RCTText (0.40.0):
    - React/Core
  - React/RCTWebSocket (0.40.0):
    - React/Core
  - React/yoga (0.40.0)
  - ReactiveCocoa (2.5):
    - ReactiveCocoa/UI (= 2.5)
  - ReactiveCocoa/Core (2.5):
    - ReactiveCocoa/no-arc
  - ReactiveCocoa/no-arc (2.5)
  - ReactiveCocoa/UI (2.5):
    - ReactiveCocoa/Core
  - SDWebImage (4.3.0):
    - SDWebImage/Core (= 4.3.0)
  - SDWebImage/Core (4.3.0)
  - UITableView+FDTemplateLayoutCell (1.6)

DEPENDENCIES:
  - Masonry
  - React/Core (from `./node_modules/react-native`)
  - React/RCTImage (from `./node_modules/react-native`)
  - React/RCTNetwork (from `./node_modules/react-native`)
  - React/RCTText (from `./node_modules/react-native`)
  - React/RCTWebSocket (from `./node_modules/react-native`)
  - ReactiveCocoa (~> 2.5)
  - SDWebImage
  - UITableView+FDTemplateLayoutCell

EXTERNAL SOURCES:
  React:
    :path: ./node_modules/react-native

SPEC CHECKSUMS:
  Masonry: 678fab65091a9290e40e2832a55e7ab731aad201
  React: 6dfb2f72edb1d74a800127ae157af038646673ce
  ReactiveCocoa: e2db045570aa97c695e7aa97c2bcab222ae51f4a
  SDWebImage: 6da6c8bca115addc4de8613362e1b15f66333825
  UITableView+FDTemplateLayoutCell: 5c949b4a5059c404b442926c0e80f81d10a2d66f

PODFILE CHECKSUM: f8a1ca09352e31a2fabd65a4303b0fb44b6db113

COCOAPODS: 1.2.1
